
Microsoft Visual Studio Solution File, Format Version 12.00
# Visual Studio Version 16
VisualStudioVersion = 16.0.28803.352
MinimumVisualStudioVersion = 10.0.40219.1
Project("{FAE04EC0-301F-11D3-BF4B-00C04F79EFBC}") = "WindowsFormsApp1", "WindowsFormsApp1\WindowsFormsApp1.csproj", "{D050386B-D090-405C-867D-D8BA72A352DE}"
EndProject
Global
	GlobalSection(SolutionConfigurationPlatforms) = preSolution
		Debug|Any CPU = Debug|Any CPU
		Release|Any CPU = Release|Any CPU
	EndGlobalSection
	GlobalSection(ProjectConfigurationPlatforms) = postSolution
		{D050386B-D090-405C-867D-D8BA72A352DE}.Debug|Any CPU.ActiveCfg = Debug|Any CPU
		{D050386B-D090-405C-867D-D8BA72A352DE}.Debug|Any CPU.Build.0 = Debug|Any CPU
		{D050386B-D090-405C-867D-D8BA72A352DE}.Release|Any CPU.ActiveCfg = Release|Any CPU
		{D050386B-D090-405C-867D-D8BA72A352DE}.Release|Any CPU.Build.0 = Release|Any CPU
	EndGlobalSection
	GlobalSection(SolutionProperties) = preSolution
		HideSolutionNode = FALSE
	EndGlobalSection
	GlobalSection(ExtensibilityGlobals) = postSolution
		SolutionGuid = {C721A4EA-DA14-4E69-AF2B-A8CECF639418}
	EndGlobalSection
EndGlobal
